
Microsoft Visual Studio Solution File, Format Version 12.00
# Visual Studio Version 16
VisualStudioVersion = 16.0.33027.164
MinimumVisualStudioVersion = 10.0.40219.1
Project("{FAE04EC0-301F-11D3-BF4B-00C04F79EFBC}") = "HullCellReport", "HullCellReport\HullCellReport.csproj", "{45371D5C-063B-465D-91F2-C8BFBAACDBFF}"
EndProject
Global
	GlobalSection(SolutionConfigurationPlatforms) = preSolution
		Debug|Any CPU = Debug|Any CPU
		Release|Any CPU = Release|Any CPU
	EndGlobalSection
	GlobalSection(ProjectConfigurationPlatforms) = postSolution
		{45371D5C-063B-465D-91F2-C8BFBAACDBFF}.Debug|Any CPU.ActiveCfg = Debug|Any CPU
		{45371D5C-063B-465D-91F2-C8BFBAACDBFF}.Debug|Any CPU.Build.0 = Debug|Any CPU
		{45371D5C-063B-465D-91F2-C8BFBAACDBFF}.Release|Any CPU.ActiveCfg = Release|Any CPU
		{45371D5C-063B-465D-91F2-C8BFBAACDBFF}.Release|Any CPU.Build.0 = Release|Any CPU
	EndGlobalSection
	GlobalSection(SolutionProperties) = preSolution
		HideSolutionNode = FALSE
	EndGlobalSection
	GlobalSection(ExtensibilityGlobals) = postSolution
		SolutionGuid = {AC016DD0-C102-4B20-969A-6D2106A337B3}
	EndGlobalSection
EndGlobal
